
Microsoft Visual Studio Solution File, Format Version 12.00
# Visual Studio Version 17
VisualStudioVersion = 17.10.35027.167
MinimumVisualStudioVersion = 10.0.40219.1
Project("{FAE04EC0-301F-11D3-BF4B-00C04F79EFBC}") = "AppLicenseCalculator", "AppLicenseCalculator\AppLicenseCalculator.csproj", "{6DEBFEE4-ED2A-487C-B4A2-CF9F7213D9DA}"
EndProject
Project("{9A19103F-16F7-4668-BE54-9A1E7A4F7556}") = "AppLicenseCalculator.Tests", "AppLicenseCalculator.Tests\AppLicenseCalculator.Tests.csproj", "{5EF652F4-6D74-4E22-A92B-3D69139F5EC5}"
EndProject
Global
	GlobalSection(SolutionConfigurationPlatforms) = preSolution
		Debug|Any CPU = Debug|Any CPU
		Release|Any CPU = Release|Any CPU
	EndGlobalSection
	GlobalSection(ProjectConfigurationPlatforms) = postSolution
		{6DEBFEE4-ED2A-487C-B4A2-CF9F7213D9DA}.Debug|Any CPU.ActiveCfg = Debug|Any CPU
		{6DEBFEE4-ED2A-487C-B4A2-CF9F7213D9DA}.Debug|Any CPU.Build.0 = Debug|Any CPU
		{6DEBFEE4-ED2A-487C-B4A2-CF9F7213D9DA}.Release|Any CPU.ActiveCfg = Release|Any CPU
		{6DEBFEE4-ED2A-487C-B4A2-CF9F7213D9DA}.Release|Any CPU.Build.0 = Release|Any CPU
		{5EF652F4-6D74-4E22-A92B-3D69139F5EC5}.Debug|Any CPU.ActiveCfg = Debug|Any CPU
		{5EF652F4-6D74-4E22-A92B-3D69139F5EC5}.Debug|Any CPU.Build.0 = Debug|Any CPU
		{5EF652F4-6D74-4E22-A92B-3D69139F5EC5}.Release|Any CPU.ActiveCfg = Release|Any CPU
		{5EF652F4-6D74-4E22-A92B-3D69139F5EC5}.Release|Any CPU.Build.0 = Release|Any CPU
	EndGlobalSection
	GlobalSection(SolutionProperties) = preSolution
		HideSolutionNode = FALSE
	EndGlobalSection
	GlobalSection(ExtensibilityGlobals) = postSolution
		SolutionGuid = {5E48F620-9513-4975-AA88-2577EAC52B68}
	EndGlobalSection
EndGlobal
